
Microsoft Visual Studio Solution File, Format Version 12.00
# Visual Studio Version 17
VisualStudioVersion = 17.8.34316.72
MinimumVisualStudioVersion = 10.0.40219.1
Project("{2150E333-8FDC-42A3-9474-1A3956D46DE8}") = "1.Teste Unidade", "1.Teste Unidade", "{8D2D281F-2801-4F84-815D-167AB87DEF06}"
EndProject
Project("{2150E333-8FDC-42A3-9474-1A3956D46DE8}") = "1.1.Testes Basicos", "1.1.Testes Basicos", "{0E5D297D-62FE-4561-B9E2-362A686FF7AC}"
EndProject
Project("{FAE04EC0-301F-11D3-BF4B-00C04F79EFBC}") = "AVS.TesteBasico", "1.Testes Unidade\AVS.TesteBasico\AVS.TesteBasico.csproj", "{DE706AB2-8791-453B-94BE-757F57B64C77}"
EndProject
Project("{FAE04EC0-301F-11D3-BF4B-00C04F79EFBC}") = "AVS.TesteBasico.Tests", "1.Testes Unidade\AVS.TesteBasico.Tests\AVS.TesteBasico.Tests.csproj", "{FB4EF707-3944-41D4-BBDB-1FC47B473607}"
EndProject
Project("{FAE04EC0-301F-11D3-BF4B-00C04F79EFBC}") = "AVS.Features", "1.Testes Unidade\AVS.Features\AVS.Features.csproj", "{2CB1D042-E0D3-4BAD-AB10-F7BB9E2BA811}"
EndProject
Project("{2150E333-8FDC-42A3-9474-1A3956D46DE8}") = "1.2.Features", "1.2.Features", "{DF955C6A-4A05-4D58-9BB4-48C5DE2579E0}"
EndProject
Project("{FAE04EC0-301F-11D3-BF4B-00C04F79EFBC}") = "AVS.Features.Tests", "1.Testes Unidade\AVS.Features.Tests\AVS.Features.Tests.csproj", "{D73D9831-EE9E-4110-9493-B1E5F41EB984}"
EndProject
Project("{2150E333-8FDC-42A3-9474-1A3956D46DE8}") = "3.Testes Integracao", "3.Testes Integracao", "{D152E0CB-5926-48D9-8AEA-488F8777CA27}"
	ProjectSection(SolutionItems) = preProject
	EndProjectSection
EndProject
Project("{FAE04EC0-301F-11D3-BF4B-00C04F79EFBC}") = "AVS.NerdStore.Catalogo.Data", "3.Testes Integracao\AVS.NerdStore.Catalogo.Data\AVS.NerdStore.Catalogo.Data.csproj", "{42F3FAE4-E645-434A-970F-B931D87593FA}"
EndProject
Project("{FAE04EC0-301F-11D3-BF4B-00C04F79EFBC}") = "AVS.NerdStore.Catalogo.Domain", "3.Testes Integracao\AVS.NerdStore.Catalogo.Domain\AVS.NerdStore.Catalogo.Domain.csproj", "{462133A6-CBC5-4F70-B7B5-970877C62F93}"
EndProject
Project("{FAE04EC0-301F-11D3-BF4B-00C04F79EFBC}") = "AVS.NerdStore.Catalogo.Application", "3.Testes Integracao\AVS.NerdStore.Catalogo.Application\AVS.NerdStore.Catalogo.Application.csproj", "{AE583315-0B72-44F2-AE1C-96D0FF4E3042}"
EndProject
Project("{FAE04EC0-301F-11D3-BF4B-00C04F79EFBC}") = "AVS.NerdStore.Web.Tests", "3.Testes Integracao\AVS.NerdStore.Web.Tests\AVS.NerdStore.Web.Tests.csproj", "{9168AAAC-2E66-49BD-8F4C-CBC426F68B9C}"
EndProject
Project("{FAE04EC0-301F-11D3-BF4B-00C04F79EFBC}") = "AVS.NerdStore.Core", "3.Testes Integracao\AVS.NerdStore.Core\AVS.NerdStore.Core.csproj", "{3ABD0A98-628C-479B-9954-601E87E3D46C}"
EndProject
Project("{FAE04EC0-301F-11D3-BF4B-00C04F79EFBC}") = "AVS.NerdStore.Site.MVC", "3.Testes Integracao\AVS.NerdStore.Site.MVC\AVS.NerdStore.Site.MVC.csproj", "{A6E3D795-6CF3-47C7-993B-380DF103146E}"
EndProject
Global
	GlobalSection(SolutionConfigurationPlatforms) = preSolution
		Debug|Any CPU = Debug|Any CPU
		Release|Any CPU = Release|Any CPU
	EndGlobalSection
	GlobalSection(ProjectConfigurationPlatforms) = postSolution
		{DE706AB2-8791-453B-94BE-757F57B64C77}.Debug|Any CPU.ActiveCfg = Debug|Any CPU
		{DE706AB2-8791-453B-94BE-757F57B64C77}.Debug|Any CPU.Build.0 = Debug|Any CPU
		{DE706AB2-8791-453B-94BE-757F57B64C77}.Release|Any CPU.ActiveCfg = Release|Any CPU
		{DE706AB2-8791-453B-94BE-757F57B64C77}.Release|Any CPU.Build.0 = Release|Any CPU
		{FB4EF707-3944-41D4-BBDB-1FC47B473607}.Debug|Any CPU.ActiveCfg = Debug|Any CPU
		{FB4EF707-3944-41D4-BBDB-1FC47B473607}.Debug|Any CPU.Build.0 = Debug|Any CPU
		{FB4EF707-3944-41D4-BBDB-1FC47B473607}.Release|Any CPU.ActiveCfg = Release|Any CPU
		{FB4EF707-3944-41D4-BBDB-1FC47B473607}.Release|Any CPU.Build.0 = Release|Any CPU
		{2CB1D042-E0D3-4BAD-AB10-F7BB9E2BA811}.Debug|Any CPU.ActiveCfg = Debug|Any CPU
		{2CB1D042-E0D3-4BAD-AB10-F7BB9E2BA811}.Debug|Any CPU.Build.0 = Debug|Any CPU
		{2CB1D042-E0D3-4BAD-AB10-F7BB9E2BA811}.Release|Any CPU.ActiveCfg = Release|Any CPU
		{2CB1D042-E0D3-4BAD-AB10-F7BB9E2BA811}.Release|Any CPU.Build.0 = Release|Any CPU
		{D73D9831-EE9E-4110-9493-B1E5F41EB984}.Debug|Any CPU.ActiveCfg = Debug|Any CPU
		{D73D9831-EE9E-4110-9493-B1E5F41EB984}.Debug|Any CPU.Build.0 = Debug|Any CPU
		{D73D9831-EE9E-4110-9493-B1E5F41EB984}.Release|Any CPU.ActiveCfg = Release|Any CPU
		{D73D9831-EE9E-4110-9493-B1E5F41EB984}.Release|Any CPU.Build.0 = Release|Any CPU
		{42F3FAE4-E645-434A-970F-B931D87593FA}.Debug|Any CPU.ActiveCfg = Debug|Any CPU
		{42F3FAE4-E645-434A-970F-B931D87593FA}.Debug|Any CPU.Build.0 = Debug|Any CPU
		{42F3FAE4-E645-434A-970F-B931D87593FA}.Release|Any CPU.ActiveCfg = Release|Any CPU
		{42F3FAE4-E645-434A-970F-B931D87593FA}.Release|Any CPU.Build.0 = Release|Any CPU
		{462133A6-CBC5-4F70-B7B5-970877C62F93}.Debug|Any CPU.ActiveCfg = Debug|Any CPU
		{462133A6-CBC5-4F70-B7B5-970877C62F93}.Debug|Any CPU.Build.0 = Debug|Any CPU
		{462133A6-CBC5-4F70-B7B5-970877C62F93}.Release|Any CPU.ActiveCfg = Release|Any CPU
		{462133A6-CBC5-4F70-B7B5-970877C62F93}.Release|Any CPU.Build.0 = Release|Any CPU
		{AE583315-0B72-44F2-AE1C-96D0FF4E3042}.Debug|Any CPU.ActiveCfg = Debug|Any CPU
		{AE583315-0B72-44F2-AE1C-96D0FF4E3042}.Debug|Any CPU.Build.0 = Debug|Any CPU
		{AE583315-0B72-44F2-AE1C-96D0FF4E3042}.Release|Any CPU.ActiveCfg = Release|Any CPU
		{AE583315-0B72-44F2-AE1C-96D0FF4E3042}.Release|Any CPU.Build.0 = Release|Any CPU
		{9168AAAC-2E66-49BD-8F4C-CBC426F68B9C}.Debug|Any CPU.ActiveCfg = Debug|Any CPU
		{9168AAAC-2E66-49BD-8F4C-CBC426F68B9C}.Debug|Any CPU.Build.0 = Debug|Any CPU
		{9168AAAC-2E66-49BD-8F4C-CBC426F68B9C}.Release|Any CPU.ActiveCfg = Release|Any CPU
		{9168AAAC-2E66-49BD-8F4C-CBC426F68B9C}.Release|Any CPU.Build.0 = Release|Any CPU
		{3ABD0A98-628C-479B-9954-601E87E3D46C}.Debug|Any CPU.ActiveCfg = Debug|Any CPU
		{3ABD0A98-628C-479B-9954-601E87E3D46C}.Debug|Any CPU.Build.0 = Debug|Any CPU
		{3ABD0A98-628C-479B-9954-601E87E3D46C}.Release|Any CPU.ActiveCfg = Release|Any CPU
		{3ABD0A98-628C-479B-9954-601E87E3D46C}.Release|Any CPU.Build.0 = Release|Any CPU
		{A6E3D795-6CF3-47C7-993B-380DF103146E}.Debug|Any CPU.ActiveCfg = Debug|Any CPU
		{A6E3D795-6CF3-47C7-993B-380DF103146E}.Debug|Any CPU.Build.0 = Debug|Any CPU
		{A6E3D795-6CF3-47C7-993B-380DF103146E}.Release|Any CPU.ActiveCfg = Release|Any CPU
		{A6E3D795-6CF3-47C7-993B-380DF103146E}.Release|Any CPU.Build.0 = Release|Any CPU
	EndGlobalSection
	GlobalSection(SolutionProperties) = preSolution
		HideSolutionNode = FALSE
	EndGlobalSection
	GlobalSection(NestedProjects) = preSolution
		{DF955C6A-4A05-4D58-9BB4-48C5DE2579E0} = {8D2D281F-2801-4F84-815D-167AB87DEF06}
		{0E5D297D-62FE-4561-B9E2-362A686FF7AC} = {8D2D281F-2801-4F84-815D-167AB87DEF06}
		{DE706AB2-8791-453B-94BE-757F57B64C77} = {0E5D297D-62FE-4561-B9E2-362A686FF7AC}
		{FB4EF707-3944-41D4-BBDB-1FC47B473607} = {0E5D297D-62FE-4561-B9E2-362A686FF7AC}
		{2CB1D042-E0D3-4BAD-AB10-F7BB9E2BA811} = {DF955C6A-4A05-4D58-9BB4-48C5DE2579E0}
		{D73D9831-EE9E-4110-9493-B1E5F41EB984} = {DF955C6A-4A05-4D58-9BB4-48C5DE2579E0}
		{42F3FAE4-E645-434A-970F-B931D87593FA} = {D152E0CB-5926-48D9-8AEA-488F8777CA27}
		{462133A6-CBC5-4F70-B7B5-970877C62F93} = {D152E0CB-5926-48D9-8AEA-488F8777CA27}
		{AE583315-0B72-44F2-AE1C-96D0FF4E3042} = {D152E0CB-5926-48D9-8AEA-488F8777CA27}
		{9168AAAC-2E66-49BD-8F4C-CBC426F68B9C} = {D152E0CB-5926-48D9-8AEA-488F8777CA27}
		{3ABD0A98-628C-479B-9954-601E87E3D46C} = {D152E0CB-5926-48D9-8AEA-488F8777CA27}
		{A6E3D795-6CF3-47C7-993B-380DF103146E} = {D152E0CB-5926-48D9-8AEA-488F8777CA27}
	EndGlobalSection
	GlobalSection(ExtensibilityGlobals) = postSolution
		SolutionGuid = {193B19FC-2481-4F09-94E5-6B97D3FDDB09}
	EndGlobalSection
EndGlobal
